
Microsoft Visual Studio Solution File, Format Version 12.00
Project("{FAE04EC0-301F-11D3-BF4B-00C04F79EFBC}") = "StorageSimulator", "src\StorageSimulator.csproj", "{C6D95A23-A434-4D36-91D2-6B9B61304FF0}"
EndProject
Project("{FAE04EC0-301F-11D3-BF4B-00C04F79EFBC}") = "StorageSimulatorTests", "tests\StorageSimulatorTests.csproj", "{D9CBEC03-4048-4B7E-83C0-F38C09C2CD81}"
EndProject
Global
	GlobalSection(SolutionConfigurationPlatforms) = preSolution
		Debug|Any CPU = Debug|Any CPU
		Release|Any CPU = Release|Any CPU
	EndGlobalSection
	GlobalSection(ProjectConfigurationPlatforms) = postSolution
		{C6D95A23-A434-4D36-91D2-6B9B61304FF0}.Debug|Any CPU.ActiveCfg = Debug|Any CPU
		{C6D95A23-A434-4D36-91D2-6B9B61304FF0}.Debug|Any CPU.Build.0 = Debug|Any CPU
		{C6D95A23-A434-4D36-91D2-6B9B61304FF0}.Release|Any CPU.ActiveCfg = Release|Any CPU
		{C6D95A23-A434-4D36-91D2-6B9B61304FF0}.Release|Any CPU.Build.0 = Release|Any CPU
		{D9CBEC03-4048-4B7E-83C0-F38C09C2CD81}.Debug|Any CPU.ActiveCfg = Debug|Any CPU
		{D9CBEC03-4048-4B7E-83C0-F38C09C2CD81}.Debug|Any CPU.Build.0 = Debug|Any CPU
		{D9CBEC03-4048-4B7E-83C0-F38C09C2CD81}.Release|Any CPU.ActiveCfg = Release|Any CPU
		{D9CBEC03-4048-4B7E-83C0-F38C09C2CD81}.Release|Any CPU.Build.0 = Release|Any CPU
	EndGlobalSection
EndGlobal
